// !$*UTF8*$!
{
	archiveVersion = 1;
	classes = {
	};
	objectVersion = 46;
	objects = {

/* Begin PBXBuildFile section */
		F53EBAC21A1007AF004FAC40 /* RunTimeHelperTests.m in Sources */ = {isa = PBXBuildFile; fileRef = F53EBAC11A1007AF004FAC40 /* RunTimeHelperTests.m */; };
		F54F5AA819E83346002EFAEA /* DixieBaseChaosProvider.m in Sources */ = {isa = PBXBuildFile; fileRef = F54F5A4E19E83346002EFAEA /* DixieBaseChaosProvider.m */; };
		F54F5AA919E83346002EFAEA /* DixieBaseChaosProvider.m in Sources */ = {isa = PBXBuildFile; fileRef = F54F5A4E19E83346002EFAEA /* DixieBaseChaosProvider.m */; };
		F54F5AAA19E83346002EFAEA /* DixieBlockChaosProvider.m in Sources */ = {isa = PBXBuildFile; fileRef = F54F5A5119E83346002EFAEA /* DixieBlockChaosProvider.m */; };
		F54F5AAB19E83346002EFAEA /* DixieBlockChaosProvider.m in Sources */ = {isa = PBXBuildFile; fileRef = F54F5A5119E83346002EFAEA /* DixieBlockChaosProvider.m */; };
		F54F5AAC19E83346002EFAEA /* DixieChaosContext.m in Sources */ = {isa = PBXBuildFile; fileRef = F54F5A5319E83346002EFAEA /* DixieChaosContext.m */; };
		F54F5AAD19E83346002EFAEA /* DixieChaosContext.m in Sources */ = {isa = PBXBuildFile; fileRef = F54F5A5319E83346002EFAEA /* DixieChaosContext.m */; };
		F54F5AAE19E83346002EFAEA /* DixieCompositeChaosProvider.m in Sources */ = {isa = PBXBuildFile; fileRef = F54F5A5619E83346002EFAEA /* DixieCompositeChaosProvider.m */; };
		F54F5AAF19E83346002EFAEA /* DixieCompositeChaosProvider.m in Sources */ = {isa = PBXBuildFile; fileRef = F54F5A5619E83346002EFAEA /* DixieCompositeChaosProvider.m */; };
		F54F5AB019E83346002EFAEA /* DixieCompositeCondition.m in Sources */ = {isa = PBXBuildFile; fileRef = F54F5A5819E83346002EFAEA /* DixieCompositeCondition.m */; };
		F54F5AB119E83346002EFAEA /* DixieCompositeCondition.m in Sources */ = {isa = PBXBuildFile; fileRef = F54F5A5819E83346002EFAEA /* DixieCompositeCondition.m */; };
		F54F5AB219E83346002EFAEA /* DixieConstantChaosProvider.m in Sources */ = {isa = PBXBuildFile; fileRef = F54F5A5B19E83346002EFAEA /* DixieConstantChaosProvider.m */; };
		F54F5AB319E83346002EFAEA /* DixieConstantChaosProvider.m in Sources */ = {isa = PBXBuildFile; fileRef = F54F5A5B19E83346002EFAEA /* DixieConstantChaosProvider.m */; };
		F54F5AB419E83346002EFAEA /* DixieExceptionChaosProvider.m in Sources */ = {isa = PBXBuildFile; fileRef = F54F5A5E19E83346002EFAEA /* DixieExceptionChaosProvider.m */; };
		F54F5AB519E83346002EFAEA /* DixieExceptionChaosProvider.m in Sources */ = {isa = PBXBuildFile; fileRef = F54F5A5E19E83346002EFAEA /* DixieExceptionChaosProvider.m */; };
		F54F5AB619E83346002EFAEA /* DixieNilChaosProvider.m in Sources */ = {isa = PBXBuildFile; fileRef = F54F5A6119E83346002EFAEA /* DixieNilChaosProvider.m */; };
		F54F5AB719E83346002EFAEA /* DixieNilChaosProvider.m in Sources */ = {isa = PBXBuildFile; fileRef = F54F5A6119E83346002EFAEA /* DixieNilChaosProvider.m */; };
		F54F5AB819E83346002EFAEA /* DixieNonChaosProvider.m in Sources */ = {isa = PBXBuildFile; fileRef = F54F5A6419E83346002EFAEA /* DixieNonChaosProvider.m */; };
		F54F5AB919E83346002EFAEA /* DixieNonChaosProvider.m in Sources */ = {isa = PBXBuildFile; fileRef = F54F5A6419E83346002EFAEA /* DixieNonChaosProvider.m */; };
		F54F5ABC19E83346002EFAEA /* DixieSequentialChaosProvider.m in Sources */ = {isa = PBXBuildFile; fileRef = F54F5A6A19E83346002EFAEA /* DixieSequentialChaosProvider.m */; };
		F54F5ABD19E83346002EFAEA /* DixieSequentialChaosProvider.m in Sources */ = {isa = PBXBuildFile; fileRef = F54F5A6A19E83346002EFAEA /* DixieSequentialChaosProvider.m */; };
		F54F5ABE19E83346002EFAEA /* Dixie+Fluent.m in Sources */ = {isa = PBXBuildFile; fileRef = F54F5A6D19E83346002EFAEA /* Dixie+Fluent.m */; };
		F54F5ABF19E83346002EFAEA /* Dixie+Fluent.m in Sources */ = {isa = PBXBuildFile; fileRef = F54F5A6D19E83346002EFAEA /* Dixie+Fluent.m */; };
		F54F5AC019E83346002EFAEA /* Dixie.m in Sources */ = {isa = PBXBuildFile; fileRef = F54F5A6F19E83346002EFAEA /* Dixie.m */; };
		F54F5AC119E83346002EFAEA /* Dixie.m in Sources */ = {isa = PBXBuildFile; fileRef = F54F5A6F19E83346002EFAEA /* Dixie.m */; };
		F54F5AC219E83346002EFAEA /* DixieLogger.m in Sources */ = {isa = PBXBuildFile; fileRef = F54F5A7319E83346002EFAEA /* DixieLogger.m */; };
		F54F5AC319E83346002EFAEA /* DixieLogger.m in Sources */ = {isa = PBXBuildFile; fileRef = F54F5A7319E83346002EFAEA /* DixieLogger.m */; };
		F54F5AC419E83346002EFAEA /* DixieSimpleLogger.m in Sources */ = {isa = PBXBuildFile; fileRef = F54F5A7619E83346002EFAEA /* DixieSimpleLogger.m */; };
		F54F5AC519E83346002EFAEA /* DixieSimpleLogger.m in Sources */ = {isa = PBXBuildFile; fileRef = F54F5A7619E83346002EFAEA /* DixieSimpleLogger.m */; };
		F54F5AD019E83346002EFAEA /* DixieMethodInfo.m in Sources */ = {isa = PBXBuildFile; fileRef = F54F5A8719E83346002EFAEA /* DixieMethodInfo.m */; };
		F54F5AD119E83346002EFAEA /* DixieMethodInfo.m in Sources */ = {isa = PBXBuildFile; fileRef = F54F5A8719E83346002EFAEA /* DixieMethodInfo.m */; };
		F54F5AE419E83346002EFAEA /* DixieProfileEntry.m in Sources */ = {isa = PBXBuildFile; fileRef = F54F5AA319E83346002EFAEA /* DixieProfileEntry.m */; };
		F54F5AE519E83346002EFAEA /* DixieProfileEntry.m in Sources */ = {isa = PBXBuildFile; fileRef = F54F5AA319E83346002EFAEA /* DixieProfileEntry.m */; };
		F54F5AE619E83346002EFAEA /* DixieDefaultPuppetMaker.m in Sources */ = {isa = PBXBuildFile; fileRef = F54F5AA619E83346002EFAEA /* DixieDefaultPuppetMaker.m */; };
		F54F5AE719E83346002EFAEA /* DixieDefaultPuppetMaker.m in Sources */ = {isa = PBXBuildFile; fileRef = F54F5AA619E83346002EFAEA /* DixieDefaultPuppetMaker.m */; };
		F54F5B1119E835B7002EFAEA /* TestPuppetMaker.m in Sources */ = {isa = PBXBuildFile; fileRef = F54F5B0719E835B7002EFAEA /* TestPuppetMaker.m */; };
		F54F5B1319E835B7002EFAEA /* DixieAPITests.m in Sources */ = {isa = PBXBuildFile; fileRef = F54F5B0A19E835B7002EFAEA /* DixieAPITests.m */; };
		F54F5B1419E835B7002EFAEA /* DixieChaosProviderTests.m in Sources */ = {isa = PBXBuildFile; fileRef = F54F5B0B19E835B7002EFAEA /* DixieChaosProviderTests.m */; };
		F54F5B1719E835B7002EFAEA /* ProfileEntryTests.m in Sources */ = {isa = PBXBuildFile; fileRef = F54F5B0E19E835B7002EFAEA /* ProfileEntryTests.m */; };
		F5529F9F1AFD3C52002D2004 /* DixieRandomParamProvider.m in Sources */ = {isa = PBXBuildFile; fileRef = F5529F9E1AFD3C52002D2004 /* DixieRandomParamProvider.m */; };
		F5529FA01AFD3C52002D2004 /* DixieRandomParamProvider.m in Sources */ = {isa = PBXBuildFile; fileRef = F5529F9E1AFD3C52002D2004 /* DixieRandomParamProvider.m */; };
		F5529FA31AFD3C96002D2004 /* DixieBaseParamProvider.m in Sources */ = {isa = PBXBuildFile; fileRef = F5529FA21AFD3C96002D2004 /* DixieBaseParamProvider.m */; };
		F5529FA41AFD3C96002D2004 /* DixieBaseParamProvider.m in Sources */ = {isa = PBXBuildFile; fileRef = F5529FA21AFD3C96002D2004 /* DixieBaseParamProvider.m */; };
		F5529FA91AFD3E12002D2004 /* TestClass.m in Sources */ = {isa = PBXBuildFile; fileRef = F5529FA61AFD3E12002D2004 /* TestClass.m */; };
		F5529FAA1AFD3E12002D2004 /* SubTestClass.m in Sources */ = {isa = PBXBuildFile; fileRef = F5529FA81AFD3E12002D2004 /* SubTestClass.m */; };
		F5529FC51AFD4A82002D2004 /* DixieCallEnvironment.m in Sources */ = {isa = PBXBuildFile; fileRef = F5529FBA1AFD4A82002D2004 /* DixieCallEnvironment.m */; };
		F5529FC61AFD4A82002D2004 /* DixieCallEnvironment.m in Sources */ = {isa = PBXBuildFile; fileRef = F5529FBA1AFD4A82002D2004 /* DixieCallEnvironment.m */; };
		F5529FCB1AFD4A82002D2004 /* NSObject+DixieRunTimeHelper.m in Sources */ = {isa = PBXBuildFile; fileRef = F5529FC01AFD4A82002D2004 /* NSObject+DixieRunTimeHelper.m */; };
		F5529FCC1AFD4A82002D2004 /* NSObject+DixieRunTimeHelper.m in Sources */ = {isa = PBXBuildFile; fileRef = F5529FC01AFD4A82002D2004 /* NSObject+DixieRunTimeHelper.m */; };
		F5529FCD1AFD4A82002D2004 /* DixieRunTimeHelper.m in Sources */ = {isa = PBXBuildFile; fileRef = F5529FC21AFD4A82002D2004 /* DixieRunTimeHelper.m */; };
		F5529FCE1AFD4A82002D2004 /* DixieRunTimeHelper.m in Sources */ = {isa = PBXBuildFile; fileRef = F5529FC21AFD4A82002D2004 /* DixieRunTimeHelper.m */; };
		F5529FD81B010F0A002D2004 /* NSDateProfile.m in Sources */ = {isa = PBXBuildFile; fileRef = F5529FD31B010F0A002D2004 /* NSDateProfile.m */; };
		F5529FDA1B010F0A002D2004 /* NSURLProfile.m in Sources */ = {isa = PBXBuildFile; fileRef = F5529FD71B010F0A002D2004 /* NSURLProfile.m */; };
		F56C7E191A5EFBFD004B946F /* DixieRandomChaosProvider.m in Sources */ = {isa = PBXBuildFile; fileRef = F56C7E181A5EFBFD004B946F /* DixieRandomChaosProvider.m */; };
		F56C7E1A1A5EFBFD004B946F /* DixieRandomChaosProvider.m in Sources */ = {isa = PBXBuildFile; fileRef = F56C7E181A5EFBFD004B946F /* DixieRandomChaosProvider.m */; };
		F573658A1A2A737200D684CE /* ChaosProviderTestClass.m in Sources */ = {isa = PBXBuildFile; fileRef = F57365891A2A737200D684CE /* ChaosProviderTestClass.m */; };
/* End PBXBuildFile section */

/* Begin PBXCopyFilesBuildPhase section */
		F5965A4219C0796C00ED0A6A /* CopyFiles */ = {
			isa = PBXCopyFilesBuildPhase;
			buildActionMask = 2147483647;
			dstPath = "include/$(PRODUCT_NAME)";
			dstSubfolderSpec = 16;
			files = (
			);
			runOnlyForDeploymentPostprocessing = 0;
		};
/* End PBXCopyFilesBuildPhase section */

/* Begin PBXFileReference section */
		F53EBAC11A1007AF004FAC40 /* RunTimeHelperTests.m */ = {isa = PBXFileReference; fileEncoding = 4; lastKnownFileType = sourcecode.c.objc; path = RunTimeHelperTests.m; sourceTree = "<group>"; };
		F54F5A4D19E83346002EFAEA /* DixieBaseChaosProvider.h */ = {isa = PBXFileReference; fileEncoding = 4; lastKnownFileType = sourcecode.c.h; path = DixieBaseChaosProvider.h; sourceTree = "<group>"; };
		F54F5A4E19E83346002EFAEA /* DixieBaseChaosProvider.m */ = {isa = PBXFileReference; fileEncoding = 4; lastKnownFileType = sourcecode.c.objc; path = DixieBaseChaosProvider.m; sourceTree = "<group>"; };
		F54F5A5019E83346002EFAEA /* DixieBlockChaosProvider.h */ = {isa = PBXFileReference; fileEncoding = 4; lastKnownFileType = sourcecode.c.h; path = DixieBlockChaosProvider.h; sourceTree = "<group>"; };
		F54F5A5119E83346002EFAEA /* DixieBlockChaosProvider.m */ = {isa = PBXFileReference; fileEncoding = 4; lastKnownFileType = sourcecode.c.objc; path = DixieBlockChaosProvider.m; sourceTree = "<group>"; };
		F54F5A5219E83346002EFAEA /* DixieChaosContext.h */ = {isa = PBXFileReference; fileEncoding = 4; lastKnownFileType = sourcecode.c.h; path = DixieChaosContext.h; sourceTree = "<group>"; };
		F54F5A5319E83346002EFAEA /* DixieChaosContext.m */ = {isa = PBXFileReference; fileEncoding = 4; lastKnownFileType = sourcecode.c.objc; path = DixieChaosContext.m; sourceTree = "<group>"; };
		F54F5A5519E83346002EFAEA /* DixieCompositeChaosProvider.h */ = {isa = PBXFileReference; fileEncoding = 4; lastKnownFileType = sourcecode.c.h; path = DixieCompositeChaosProvider.h; sourceTree = "<group>"; };
		F54F5A5619E83346002EFAEA /* DixieCompositeChaosProvider.m */ = {isa = PBXFileReference; fileEncoding = 4; lastKnownFileType = sourcecode.c.objc; path = DixieCompositeChaosProvider.m; sourceTree = "<group>"; };
		F54F5A5719E83346002EFAEA /* DixieCompositeCondition.h */ = {isa = PBXFileReference; fileEncoding = 4; lastKnownFileType = sourcecode.c.h; path = DixieCompositeCondition.h; sourceTree = "<group>"; };
		F54F5A5819E83346002EFAEA /* DixieCompositeCondition.m */ = {isa = PBXFileReference; fileEncoding = 4; lastKnownFileType = sourcecode.c.objc; path = DixieCompositeCondition.m; sourceTree = "<group>"; };
		F54F5A5A19E83346002EFAEA /* DixieConstantChaosProvider.h */ = {isa = PBXFileReference; fileEncoding = 4; lastKnownFileType = sourcecode.c.h; path = DixieConstantChaosProvider.h; sourceTree = "<group>"; };
		F54F5A5B19E83346002EFAEA /* DixieConstantChaosProvider.m */ = {isa = PBXFileReference; fileEncoding = 4; lastKnownFileType = sourcecode.c.objc; path = DixieConstantChaosProvider.m; sourceTree = "<group>"; };
		F54F5A5D19E83346002EFAEA /* DixieExceptionChaosProvider.h */ = {isa = PBXFileReference; fileEncoding = 4; lastKnownFileType = sourcecode.c.h; path = DixieExceptionChaosProvider.h; sourceTree = "<group>"; };
		F54F5A5E19E83346002EFAEA /* DixieExceptionChaosProvider.m */ = {isa = PBXFileReference; fileEncoding = 4; lastKnownFileType = sourcecode.c.objc; path = DixieExceptionChaosProvider.m; sourceTree = "<group>"; };
		F54F5A6019E83346002EFAEA /* DixieNilChaosProvider.h */ = {isa = PBXFileReference; fileEncoding = 4; lastKnownFileType = sourcecode.c.h; path = DixieNilChaosProvider.h; sourceTree = "<group>"; };
		F54F5A6119E83346002EFAEA /* DixieNilChaosProvider.m */ = {isa = PBXFileReference; fileEncoding = 4; lastKnownFileType = sourcecode.c.objc; path = DixieNilChaosProvider.m; sourceTree = "<group>"; };
		F54F5A6319E83346002EFAEA /* DixieNonChaosProvider.h */ = {isa = PBXFileReference; fileEncoding = 4; lastKnownFileType = sourcecode.c.h; path = DixieNonChaosProvider.h; sourceTree = "<group>"; };
		F54F5A6419E83346002EFAEA /* DixieNonChaosProvider.m */ = {isa = PBXFileReference; fileEncoding = 4; lastKnownFileType = sourcecode.c.objc; path = DixieNonChaosProvider.m; sourceTree = "<group>"; };
		F54F5A6919E83346002EFAEA /* DixieSequentialChaosProvider.h */ = {isa = PBXFileReference; fileEncoding = 4; lastKnownFileType = sourcecode.c.h; path = DixieSequentialChaosProvider.h; sourceTree = "<group>"; };
		F54F5A6A19E83346002EFAEA /* DixieSequentialChaosProvider.m */ = {isa = PBXFileReference; fileEncoding = 4; lastKnownFileType = sourcecode.c.objc; path = DixieSequentialChaosProvider.m; sourceTree = "<group>"; };
		F54F5A6C19E83346002EFAEA /* Dixie+Fluent.h */ = {isa = PBXFileReference; fileEncoding = 4; lastKnownFileType = sourcecode.c.h; path = "Dixie+Fluent.h"; sourceTree = "<group>"; };
		F54F5A6D19E83346002EFAEA /* Dixie+Fluent.m */ = {isa = PBXFileReference; fileEncoding = 4; lastKnownFileType = sourcecode.c.objc; path = "Dixie+Fluent.m"; sourceTree = "<group>"; };
		F54F5A6E19E83346002EFAEA /* Dixie.h */ = {isa = PBXFileReference; fileEncoding = 4; lastKnownFileType = sourcecode.c.h; path = Dixie.h; sourceTree = "<group>"; };
		F54F5A6F19E83346002EFAEA /* Dixie.m */ = {isa = PBXFileReference; fileEncoding = 4; lastKnownFileType = sourcecode.c.objc; path = Dixie.m; sourceTree = "<group>"; };
		F54F5A7019E83346002EFAEA /* DixieHeaders.h */ = {isa = PBXFileReference; fileEncoding = 4; lastKnownFileType = sourcecode.c.h; path = DixieHeaders.h; sourceTree = "<group>"; };
		F54F5A7219E83346002EFAEA /* DixieLogger.h */ = {isa = PBXFileReference; fileEncoding = 4; lastKnownFileType = sourcecode.c.h; path = DixieLogger.h; sourceTree = "<group>"; };
		F54F5A7319E83346002EFAEA /* DixieLogger.m */ = {isa = PBXFileReference; fileEncoding = 4; lastKnownFileType = sourcecode.c.objc; path = DixieLogger.m; sourceTree = "<group>"; };
		F54F5A7519E83346002EFAEA /* DixieSimpleLogger.h */ = {isa = PBXFileReference; fileEncoding = 4; lastKnownFileType = sourcecode.c.h; path = DixieSimpleLogger.h; sourceTree = "<group>"; };
		F54F5A7619E83346002EFAEA /* DixieSimpleLogger.m */ = {isa = PBXFileReference; fileEncoding = 4; lastKnownFileType = sourcecode.c.objc; path = DixieSimpleLogger.m; sourceTree = "<group>"; };
		F54F5A8619E83346002EFAEA /* DixieMethodInfo.h */ = {isa = PBXFileReference; fileEncoding = 4; lastKnownFileType = sourcecode.c.h; path = DixieMethodInfo.h; sourceTree = "<group>"; };
		F54F5A8719E83346002EFAEA /* DixieMethodInfo.m */ = {isa = PBXFileReference; fileEncoding = 4; lastKnownFileType = sourcecode.c.objc; path = DixieMethodInfo.m; sourceTree = "<group>"; };
		F54F5AA219E83346002EFAEA /* DixieProfileEntry.h */ = {isa = PBXFileReference; fileEncoding = 4; lastKnownFileType = sourcecode.c.h; path = DixieProfileEntry.h; sourceTree = "<group>"; };
		F54F5AA319E83346002EFAEA /* DixieProfileEntry.m */ = {isa = PBXFileReference; fileEncoding = 4; lastKnownFileType = sourcecode.c.objc; path = DixieProfileEntry.m; sourceTree = "<group>"; };
		F54F5AA519E83346002EFAEA /* DixieDefaultPuppetMaker.h */ = {isa = PBXFileReference; fileEncoding = 4; lastKnownFileType = sourcecode.c.h; path = DixieDefaultPuppetMaker.h; sourceTree = "<group>"; };
		F54F5AA619E83346002EFAEA /* DixieDefaultPuppetMaker.m */ = {isa = PBXFileReference; fileEncoding = 4; lastKnownFileType = sourcecode.c.objc; path = DixieDefaultPuppetMaker.m; sourceTree = "<group>"; };
		F54F5AA719E83346002EFAEA /* DixiePuppetMaking.h */ = {isa = PBXFileReference; fileEncoding = 4; lastKnownFileType = sourcecode.c.h; path = DixiePuppetMaking.h; sourceTree = "<group>"; };
		F54F5B0619E835B7002EFAEA /* TestPuppetMaker.h */ = {isa = PBXFileReference; fileEncoding = 4; lastKnownFileType = sourcecode.c.h; path = TestPuppetMaker.h; sourceTree = "<group>"; };
		F54F5B0719E835B7002EFAEA /* TestPuppetMaker.m */ = {isa = PBXFileReference; fileEncoding = 4; lastKnownFileType = sourcecode.c.objc; path = TestPuppetMaker.m; sourceTree = "<group>"; };
		F54F5B0819E835B7002EFAEA /* Info.plist */ = {isa = PBXFileReference; fileEncoding = 4; lastKnownFileType = text.plist.xml; path = Info.plist; sourceTree = "<group>"; };
		F54F5B0A19E835B7002EFAEA /* DixieAPITests.m */ = {isa = PBXFileReference; fileEncoding = 4; lastKnownFileType = sourcecode.c.objc; path = DixieAPITests.m; sourceTree = "<group>"; };
		F54F5B0B19E835B7002EFAEA /* DixieChaosProviderTests.m */ = {isa = PBXFileReference; fileEncoding = 4; lastKnownFileType = sourcecode.c.objc; path = DixieChaosProviderTests.m; sourceTree = "<group>"; };
		F54F5B0E19E835B7002EFAEA /* ProfileEntryTests.m */ = {isa = PBXFileReference; fileEncoding = 4; lastKnownFileType = sourcecode.c.objc; path = ProfileEntryTests.m; sourceTree = "<group>"; };
		F5529F9D1AFD3C52002D2004 /* DixieRandomParamProvider.h */ = {isa = PBXFileReference; fileEncoding = 4; lastKnownFileType = sourcecode.c.h; path = DixieRandomParamProvider.h; sourceTree = "<group>"; };
		F5529F9E1AFD3C52002D2004 /* DixieRandomParamProvider.m */ = {isa = PBXFileReference; fileEncoding = 4; lastKnownFileType = sourcecode.c.objc; path = DixieRandomParamProvider.m; sourceTree = "<group>"; };
		F5529FA11AFD3C96002D2004 /* DixieBaseParamProvider.h */ = {isa = PBXFileReference; fileEncoding = 4; lastKnownFileType = sourcecode.c.h; path = DixieBaseParamProvider.h; sourceTree = "<group>"; };
		F5529FA21AFD3C96002D2004 /* DixieBaseParamProvider.m */ = {isa = PBXFileReference; fileEncoding = 4; lastKnownFileType = sourcecode.c.objc; path = DixieBaseParamProvider.m; sourceTree = "<group>"; };
		F5529FA51AFD3E12002D2004 /* TestClass.h */ = {isa = PBXFileReference; fileEncoding = 4; lastKnownFileType = sourcecode.c.h; path = TestClass.h; sourceTree = "<group>"; };
		F5529FA61AFD3E12002D2004 /* TestClass.m */ = {isa = PBXFileReference; fileEncoding = 4; lastKnownFileType = sourcecode.c.objc; path = TestClass.m; sourceTree = "<group>"; };
		F5529FA71AFD3E12002D2004 /* SubTestClass.h */ = {isa = PBXFileReference; fileEncoding = 4; lastKnownFileType = sourcecode.c.h; path = SubTestClass.h; sourceTree = "<group>"; };
		F5529FA81AFD3E12002D2004 /* SubTestClass.m */ = {isa = PBXFileReference; fileEncoding = 4; lastKnownFileType = sourcecode.c.objc; path = SubTestClass.m; sourceTree = "<group>"; };
		F5529FB91AFD4A82002D2004 /* DixieCallEnvironment.h */ = {isa = PBXFileReference; fileEncoding = 4; lastKnownFileType = sourcecode.c.h; path = DixieCallEnvironment.h; sourceTree = "<group>"; };
		F5529FBA1AFD4A82002D2004 /* DixieCallEnvironment.m */ = {isa = PBXFileReference; fileEncoding = 4; lastKnownFileType = sourcecode.c.objc; path = DixieCallEnvironment.m; sourceTree = "<group>"; };
		F5529FBF1AFD4A82002D2004 /* NSObject+DixieRunTimeHelper.h */ = {isa = PBXFileReference; fileEncoding = 4; lastKnownFileType = sourcecode.c.h; path = "NSObject+DixieRunTimeHelper.h"; sourceTree = "<group>"; };
		F5529FC01AFD4A82002D2004 /* NSObject+DixieRunTimeHelper.m */ = {isa = PBXFileReference; fileEncoding = 4; lastKnownFileType = sourcecode.c.objc; path = "NSObject+DixieRunTimeHelper.m"; sourceTree = "<group>"; };
		F5529FC11AFD4A82002D2004 /* DixieRunTimeHelper.h */ = {isa = PBXFileReference; fileEncoding = 4; lastKnownFileType = sourcecode.c.h; path = DixieRunTimeHelper.h; sourceTree = "<group>"; };
		F5529FC21AFD4A82002D2004 /* DixieRunTimeHelper.m */ = {isa = PBXFileReference; fileEncoding = 4; lastKnownFileType = sourcecode.c.objc; path = DixieRunTimeHelper.m; sourceTree = "<group>"; };
		F5529FD21B010F0A002D2004 /* NSDateProfile.h */ = {isa = PBXFileReference; fileEncoding = 4; lastKnownFileType = sourcecode.c.h; path = NSDateProfile.h; sourceTree = "<group>"; };
		F5529FD31B010F0A002D2004 /* NSDateProfile.m */ = {isa = PBXFileReference; fileEncoding = 4; lastKnownFileType = sourcecode.c.objc; path = NSDateProfile.m; sourceTree = "<group>"; };
		F5529FD61B010F0A002D2004 /* NSURLProfile.h */ = {isa = PBXFileReference; fileEncoding = 4; lastKnownFileType = sourcecode.c.h; path = NSURLProfile.h; sourceTree = "<group>"; };
		F5529FD71B010F0A002D2004 /* NSURLProfile.m */ = {isa = PBXFileReference; fileEncoding = 4; lastKnownFileType = sourcecode.c.objc; path = NSURLProfile.m; sourceTree = "<group>"; };
		F552A0411B01CDB8002D2004 /* RandomParamProviderTests.m */ = {isa = PBXFileReference; fileEncoding = 4; lastKnownFileType = sourcecode.c.objc; path = RandomParamProviderTests.m; sourceTree = "<group>"; };
		F56C7E171A5EFBFD004B946F /* DixieRandomChaosProvider.h */ = {isa = PBXFileReference; fileEncoding = 4; lastKnownFileType = sourcecode.c.h; path = DixieRandomChaosProvider.h; sourceTree = "<group>"; };
		F56C7E181A5EFBFD004B946F /* DixieRandomChaosProvider.m */ = {isa = PBXFileReference; fileEncoding = 4; lastKnownFileType = sourcecode.c.objc; path = DixieRandomChaosProvider.m; sourceTree = "<group>"; };
		F57365881A2A737200D684CE /* ChaosProviderTestClass.h */ = {isa = PBXFileReference; fileEncoding = 4; lastKnownFileType = sourcecode.c.h; path = ChaosProviderTestClass.h; sourceTree = "<group>"; };
		F57365891A2A737200D684CE /* ChaosProviderTestClass.m */ = {isa = PBXFileReference; fileEncoding = 4; lastKnownFileType = sourcecode.c.objc; path = ChaosProviderTestClass.m; sourceTree = "<group>"; };
		F5965A4419C0796C00ED0A6A /* libDixie.a */ = {isa = PBXFileReference; explicitFileType = archive.ar; includeInIndex = 0; path = libDixie.a; sourceTree = BUILT_PRODUCTS_DIR; };
		F5965A4F19C0796C00ED0A6A /* DixieTests.xctest */ = {isa = PBXFileReference; explicitFileType = wrapper.cfbundle; includeInIndex = 0; path = DixieTests.xctest; sourceTree = BUILT_PRODUCTS_DIR; };
/* End PBXFileReference section */

/* Begin PBXFrameworksBuildPhase section */
		F5965A4119C0796C00ED0A6A /* Frameworks */ = {
			isa = PBXFrameworksBuildPhase;
			buildActionMask = 2147483647;
			files = (
			);
			runOnlyForDeploymentPostprocessing = 0;
		};
		F5965A4C19C0796C00ED0A6A /* Frameworks */ = {
			isa = PBXFrameworksBuildPhase;
			buildActionMask = 2147483647;
			files = (
			);
			runOnlyForDeploymentPostprocessing = 0;
		};
/* End PBXFrameworksBuildPhase section */

/* Begin PBXGroup section */
		F54F5A4B19E83346002EFAEA /* Dixie */ = {
			isa = PBXGroup;
			children = (
				F54F5A7019E83346002EFAEA /* DixieHeaders.h */,
				F54F5A6E19E83346002EFAEA /* Dixie.h */,
				F54F5A6F19E83346002EFAEA /* Dixie.m */,
				F54F5A6B19E83346002EFAEA /* Dixie+Fluent */,
				F54F5AA419E83346002EFAEA /* PuppetMaker */,
				F54F5A9A19E83346002EFAEA /* ProfileEntry */,
				F54F5A8519E83346002EFAEA /* MethodInfo */,
				F54F5A4C19E83346002EFAEA /* ChaosProvider */,
				F5529F9B1AFD3C52002D2004 /* ParamProvider */,
				F54F5A7119E83346002EFAEA /* DixieLogger */,
				F5529FB81AFD4A82002D2004 /* Runtime */,
			);
			path = Dixie;
			sourceTree = "<group>";
		};
		F54F5A4C19E83346002EFAEA /* ChaosProvider */ = {
			isa = PBXGroup;
			children = (
				F54F5A5219E83346002EFAEA /* DixieChaosContext.h */,
				F54F5A5319E83346002EFAEA /* DixieChaosContext.m */,
				F54F5A4D19E83346002EFAEA /* DixieBaseChaosProvider.h */,
				F54F5A4E19E83346002EFAEA /* DixieBaseChaosProvider.m */,
				F54F5A4F19E83346002EFAEA /* BlockChaosProvider */,
				F54F5A5419E83346002EFAEA /* CompositeChaosProvider */,
				F54F5A5919E83346002EFAEA /* ConstantChaosProvider */,
				F54F5A5C19E83346002EFAEA /* ExceptionChaosProvider */,
				F54F5A5F19E83346002EFAEA /* NilChaosProvider */,
				F54F5A6219E83346002EFAEA /* NonChaosProvider */,
				F56C7E161A5EFBFD004B946F /* RandomChaosProvider */,
				F54F5A6819E83346002EFAEA /* SequentialChaosProvider */,
			);
			path = ChaosProvider;
			sourceTree = "<group>";
		};
		F54F5A4F19E83346002EFAEA /* BlockChaosProvider */ = {
			isa = PBXGroup;
			children = (
				F54F5A5019E83346002EFAEA /* DixieBlockChaosProvider.h */,
				F54F5A5119E83346002EFAEA /* DixieBlockChaosProvider.m */,
			);
			path = BlockChaosProvider;
			sourceTree = "<group>";
		};
		F54F5A5419E83346002EFAEA /* CompositeChaosProvider */ = {
			isa = PBXGroup;
			children = (
				F54F5A5719E83346002EFAEA /* DixieCompositeCondition.h */,
				F54F5A5819E83346002EFAEA /* DixieCompositeCondition.m */,
				F54F5A5519E83346002EFAEA /* DixieCompositeChaosProvider.h */,
				F54F5A5619E83346002EFAEA /* DixieCompositeChaosProvider.m */,
			);
			path = CompositeChaosProvider;
			sourceTree = "<group>";
		};
		F54F5A5919E83346002EFAEA /* ConstantChaosProvider */ = {
			isa = PBXGroup;
			children = (
				F54F5A5A19E83346002EFAEA /* DixieConstantChaosProvider.h */,
				F54F5A5B19E83346002EFAEA /* DixieConstantChaosProvider.m */,
			);
			path = ConstantChaosProvider;
			sourceTree = "<group>";
		};
		F54F5A5C19E83346002EFAEA /* ExceptionChaosProvider */ = {
			isa = PBXGroup;
			children = (
				F54F5A5D19E83346002EFAEA /* DixieExceptionChaosProvider.h */,
				F54F5A5E19E83346002EFAEA /* DixieExceptionChaosProvider.m */,
			);
			path = ExceptionChaosProvider;
			sourceTree = "<group>";
		};
		F54F5A5F19E83346002EFAEA /* NilChaosProvider */ = {
			isa = PBXGroup;
			children = (
				F54F5A6019E83346002EFAEA /* DixieNilChaosProvider.h */,
				F54F5A6119E83346002EFAEA /* DixieNilChaosProvider.m */,
			);
			path = NilChaosProvider;
			sourceTree = "<group>";
		};
		F54F5A6219E83346002EFAEA /* NonChaosProvider */ = {
			isa = PBXGroup;
			children = (
				F54F5A6319E83346002EFAEA /* DixieNonChaosProvider.h */,
				F54F5A6419E83346002EFAEA /* DixieNonChaosProvider.m */,
			);
			path = NonChaosProvider;
			sourceTree = "<group>";
		};
		F54F5A6819E83346002EFAEA /* SequentialChaosProvider */ = {
			isa = PBXGroup;
			children = (
				F54F5A6919E83346002EFAEA /* DixieSequentialChaosProvider.h */,
				F54F5A6A19E83346002EFAEA /* DixieSequentialChaosProvider.m */,
			);
			path = SequentialChaosProvider;
			sourceTree = "<group>";
		};
		F54F5A6B19E83346002EFAEA /* Dixie+Fluent */ = {
			isa = PBXGroup;
			children = (
				F54F5A6C19E83346002EFAEA /* Dixie+Fluent.h */,
				F54F5A6D19E83346002EFAEA /* Dixie+Fluent.m */,
			);
			path = "Dixie+Fluent";
			sourceTree = "<group>";
		};
		F54F5A7119E83346002EFAEA /* DixieLogger */ = {
			isa = PBXGroup;
			children = (
				F54F5A7219E83346002EFAEA /* DixieLogger.h */,
				F54F5A7319E83346002EFAEA /* DixieLogger.m */,
				F54F5A7419E83346002EFAEA /* SimpleLogger */,
			);
			path = DixieLogger;
			sourceTree = "<group>";
		};
		F54F5A7419E83346002EFAEA /* SimpleLogger */ = {
			isa = PBXGroup;
			children = (
				F54F5A7519E83346002EFAEA /* DixieSimpleLogger.h */,
				F54F5A7619E83346002EFAEA /* DixieSimpleLogger.m */,
			);
			path = SimpleLogger;
			sourceTree = "<group>";
		};
		F54F5A8519E83346002EFAEA /* MethodInfo */ = {
			isa = PBXGroup;
			children = (
				F54F5A8619E83346002EFAEA /* DixieMethodInfo.h */,
				F54F5A8719E83346002EFAEA /* DixieMethodInfo.m */,
			);
			path = MethodInfo;
			sourceTree = "<group>";
		};
		F54F5A9A19E83346002EFAEA /* ProfileEntry */ = {
			isa = PBXGroup;
			children = (
				F54F5AA219E83346002EFAEA /* DixieProfileEntry.h */,
				F54F5AA319E83346002EFAEA /* DixieProfileEntry.m */,
			);
			path = ProfileEntry;
			sourceTree = "<group>";
		};
		F54F5AA419E83346002EFAEA /* PuppetMaker */ = {
			isa = PBXGroup;
			children = (
				F54F5AA719E83346002EFAEA /* DixiePuppetMaking.h */,
				F54F5AA519E83346002EFAEA /* DixieDefaultPuppetMaker.h */,
				F54F5AA619E83346002EFAEA /* DixieDefaultPuppetMaker.m */,
			);
			path = PuppetMaker;
			sourceTree = "<group>";
		};
		F54F5B0019E835B7002EFAEA /* DixieTests */ = {
			isa = PBXGroup;
			children = (
				F5529FD11B010F0A002D2004 /* Predefined profiles */,
				F54F5B0119E835B7002EFAEA /* Helpers */,
				F54F5B0819E835B7002EFAEA /* Info.plist */,
				F54F5B0919E835B7002EFAEA /* Units */,
			);
			path = DixieTests;
			sourceTree = "<group>";
		};
		F54F5B0119E835B7002EFAEA /* Helpers */ = {
			isa = PBXGroup;
			children = (
				F5529FA51AFD3E12002D2004 /* TestClass.h */,
				F5529FA61AFD3E12002D2004 /* TestClass.m */,
				F5529FA71AFD3E12002D2004 /* SubTestClass.h */,
				F5529FA81AFD3E12002D2004 /* SubTestClass.m */,
				F54F5B0619E835B7002EFAEA /* TestPuppetMaker.h */,
				F54F5B0719E835B7002EFAEA /* TestPuppetMaker.m */,
				F57365881A2A737200D684CE /* ChaosProviderTestClass.h */,
				F57365891A2A737200D684CE /* ChaosProviderTestClass.m */,
			);
			path = Helpers;
			sourceTree = "<group>";
		};
		F54F5B0919E835B7002EFAEA /* Units */ = {
			isa = PBXGroup;
			children = (
				F53EBAC11A1007AF004FAC40 /* RunTimeHelperTests.m */,
				F54F5B0A19E835B7002EFAEA /* DixieAPITests.m */,
				F54F5B0B19E835B7002EFAEA /* DixieChaosProviderTests.m */,
				F54F5B0E19E835B7002EFAEA /* ProfileEntryTests.m */,
				F552A0411B01CDB8002D2004 /* RandomParamProviderTests.m */,
			);
			path = Units;
			sourceTree = "<group>";
		};
		F5529F9B1AFD3C52002D2004 /* ParamProvider */ = {
			isa = PBXGroup;
			children = (
				F5529FA11AFD3C96002D2004 /* DixieBaseParamProvider.h */,
				F5529FA21AFD3C96002D2004 /* DixieBaseParamProvider.m */,
				F5529F9C1AFD3C52002D2004 /* RandomParamProvider */,
			);
			path = ParamProvider;
			sourceTree = "<group>";
		};
		F5529F9C1AFD3C52002D2004 /* RandomParamProvider */ = {
			isa = PBXGroup;
			children = (
				F5529F9D1AFD3C52002D2004 /* DixieRandomParamProvider.h */,
				F5529F9E1AFD3C52002D2004 /* DixieRandomParamProvider.m */,
			);
			path = RandomParamProvider;
			sourceTree = "<group>";
		};
		F5529FB81AFD4A82002D2004 /* Runtime */ = {
			isa = PBXGroup;
			children = (
				F5529FB91AFD4A82002D2004 /* DixieCallEnvironment.h */,
				F5529FBA1AFD4A82002D2004 /* DixieCallEnvironment.m */,
				F5529FBF1AFD4A82002D2004 /* NSObject+DixieRunTimeHelper.h */,
				F5529FC01AFD4A82002D2004 /* NSObject+DixieRunTimeHelper.m */,
				F5529FC11AFD4A82002D2004 /* DixieRunTimeHelper.h */,
				F5529FC21AFD4A82002D2004 /* DixieRunTimeHelper.m */,
			);
			path = Runtime;
			sourceTree = "<group>";
		};
		F5529FD11B010F0A002D2004 /* Predefined profiles */ = {
			isa = PBXGroup;
			children = (
				F5529FD21B010F0A002D2004 /* NSDateProfile.h */,
				F5529FD31B010F0A002D2004 /* NSDateProfile.m */,
				F5529FD61B010F0A002D2004 /* NSURLProfile.h */,
				F5529FD71B010F0A002D2004 /* NSURLProfile.m */,
			);
			path = "Predefined profiles";
			sourceTree = "<group>";
		};
		F56C7E161A5EFBFD004B946F /* RandomChaosProvider */ = {
			isa = PBXGroup;
			children = (
				F56C7E171A5EFBFD004B946F /* DixieRandomChaosProvider.h */,
				F56C7E181A5EFBFD004B946F /* DixieRandomChaosProvider.m */,
			);
			path = RandomChaosProvider;
			sourceTree = "<group>";
		};
		F5965A3B19C0796C00ED0A6A = {
			isa = PBXGroup;
			children = (
				F54F5A4B19E83346002EFAEA /* Dixie */,
				F54F5B0019E835B7002EFAEA /* DixieTests */,
				F5965A4519C0796C00ED0A6A /* Products */,
			);
			sourceTree = "<group>";
		};
		F5965A4519C0796C00ED0A6A /* Products */ = {
			isa = PBXGroup;
			children = (
				F5965A4419C0796C00ED0A6A /* libDixie.a */,
				F5965A4F19C0796C00ED0A6A /* DixieTests.xctest */,
			);
			name = Products;
			sourceTree = "<group>";
		};
/* End PBXGroup section */

/* Begin PBXNativeTarget section */
		F5965A4319C0796C00ED0A6A /* Dixie */ = {
			isa = PBXNativeTarget;
			buildConfigurationList = F5965A5519C0796C00ED0A6A /* Build configuration list for PBXNativeTarget "Dixie" */;
			buildPhases = (
				F5965A4019C0796C00ED0A6A /* Sources */,
				F5965A4119C0796C00ED0A6A /* Frameworks */,
				F5965A4219C0796C00ED0A6A /* CopyFiles */,
			);
			buildRules = (
			);
			dependencies = (
			);
			name = Dixie;
			productName = Dix;
			productReference = F5965A4419C0796C00ED0A6A /* libDixie.a */;
			productType = "com.apple.product-type.library.static";
		};
		F5965A4E19C0796C00ED0A6A /* DixieTests */ = {
			isa = PBXNativeTarget;
			buildConfigurationList = F5965A5819C0796C00ED0A6A /* Build configuration list for PBXNativeTarget "DixieTests" */;
			buildPhases = (
				F5965A4B19C0796C00ED0A6A /* Sources */,
				F5965A4C19C0796C00ED0A6A /* Frameworks */,
				F5965A4D19C0796C00ED0A6A /* Resources */,
			);
			buildRules = (
			);
			dependencies = (
			);
			name = DixieTests;
			productName = DixTests;
			productReference = F5965A4F19C0796C00ED0A6A /* DixieTests.xctest */;
			productType = "com.apple.product-type.bundle.unit-test";
		};
/* End PBXNativeTarget section */

/* Begin PBXProject section */
		F5965A3C19C0796C00ED0A6A /* Project object */ = {
			isa = PBXProject;
			attributes = {
				LastUpgradeCheck = 0600;
				ORGANIZATIONNAME = "Distinction Ltd.";
				TargetAttributes = {
					F5965A4319C0796C00ED0A6A = {
						CreatedOnToolsVersion = 6.0;
					};
					F5965A4E19C0796C00ED0A6A = {
						CreatedOnToolsVersion = 6.0;
					};
				};
			};
			buildConfigurationList = F5965A3F19C0796C00ED0A6A /* Build configuration list for PBXProject "Dixie" */;
			compatibilityVersion = "Xcode 3.2";
			developmentRegion = English;
			hasScannedForEncodings = 0;
			knownRegions = (
				en,
			);
			mainGroup = F5965A3B19C0796C00ED0A6A;
			productRefGroup = F5965A4519C0796C00ED0A6A /* Products */;
			projectDirPath = "";
			projectRoot = "";
			targets = (
				F5965A4319C0796C00ED0A6A /* Dixie */,
				F5965A4E19C0796C00ED0A6A /* DixieTests */,
			);
		};
/* End PBXProject section */

/* Begin PBXResourcesBuildPhase section */
		F5965A4D19C0796C00ED0A6A /* Resources */ = {
			isa = PBXResourcesBuildPhase;
			buildActionMask = 2147483647;
			files = (
			);
			runOnlyForDeploymentPostprocessing = 0;
		};
/* End PBXResourcesBuildPhase section */

/* Begin PBXSourcesBuildPhase section */
		F5965A4019C0796C00ED0A6A /* Sources */ = {
			isa = PBXSourcesBuildPhase;
			buildActionMask = 2147483647;
			files = (
				F54F5AA819E83346002EFAEA /* DixieBaseChaosProvider.m in Sources */,
				F54F5AE619E83346002EFAEA /* DixieDefaultPuppetMaker.m in Sources */,
				F54F5AB619E83346002EFAEA /* DixieNilChaosProvider.m in Sources */,
				F54F5ABC19E83346002EFAEA /* DixieSequentialChaosProvider.m in Sources */,
				F54F5AB419E83346002EFAEA /* DixieExceptionChaosProvider.m in Sources */,
				F54F5AAC19E83346002EFAEA /* DixieChaosContext.m in Sources */,
				F5529F9F1AFD3C52002D2004 /* DixieRandomParamProvider.m in Sources */,
				F54F5AC219E83346002EFAEA /* DixieLogger.m in Sources */,
				F5529FCD1AFD4A82002D2004 /* DixieRunTimeHelper.m in Sources */,
				F54F5AD019E83346002EFAEA /* DixieMethodInfo.m in Sources */,
				F54F5AAA19E83346002EFAEA /* DixieBlockChaosProvider.m in Sources */,
				F54F5AAE19E83346002EFAEA /* DixieCompositeChaosProvider.m in Sources */,
				F5529FC51AFD4A82002D2004 /* DixieCallEnvironment.m in Sources */,
				F54F5AB019E83346002EFAEA /* DixieCompositeCondition.m in Sources */,
				F54F5ABE19E83346002EFAEA /* Dixie+Fluent.m in Sources */,
				F54F5AB819E83346002EFAEA /* DixieNonChaosProvider.m in Sources */,
				F5529FCB1AFD4A82002D2004 /* NSObject+DixieRunTimeHelper.m in Sources */,
				F5529FA31AFD3C96002D2004 /* DixieBaseParamProvider.m in Sources */,
				F56C7E191A5EFBFD004B946F /* DixieRandomChaosProvider.m in Sources */,
				F54F5AE419E83346002EFAEA /* DixieProfileEntry.m in Sources */,
				F54F5AB219E83346002EFAEA /* DixieConstantChaosProvider.m in Sources */,
				F54F5AC419E83346002EFAEA /* DixieSimpleLogger.m in Sources */,
				F54F5AC019E83346002EFAEA /* Dixie.m in Sources */,
			);
			runOnlyForDeploymentPostprocessing = 0;
		};
		F5965A4B19C0796C00ED0A6A /* Sources */ = {
			isa = PBXSourcesBuildPhase;
			buildActionMask = 2147483647;
			files = (
				F54F5AAF19E83346002EFAEA /* DixieCompositeChaosProvider.m in Sources */,
				F5529FCE1AFD4A82002D2004 /* DixieRunTimeHelper.m in Sources */,
				F5529FDA1B010F0A002D2004 /* NSURLProfile.m in Sources */,
				F5529FA01AFD3C52002D2004 /* DixieRandomParamProvider.m in Sources */,
				F5529FCC1AFD4A82002D2004 /* NSObject+DixieRunTimeHelper.m in Sources */,
				F54F5AAD19E83346002EFAEA /* DixieChaosContext.m in Sources */,
				F573658A1A2A737200D684CE /* ChaosProviderTestClass.m in Sources */,
				F5529FD81B010F0A002D2004 /* NSDateProfile.m in Sources */,
				F54F5ABF19E83346002EFAEA /* Dixie+Fluent.m in Sources */,
				F54F5B1319E835B7002EFAEA /* DixieAPITests.m in Sources */,
				F56C7E1A1A5EFBFD004B946F /* DixieRandomChaosProvider.m in Sources */,
				F54F5AC119E83346002EFAEA /* Dixie.m in Sources */,
				F54F5AE519E83346002EFAEA /* DixieProfileEntry.m in Sources */,
				F54F5AB519E83346002EFAEA /* DixieExceptionChaosProvider.m in Sources */,
				F54F5AC519E83346002EFAEA /* DixieSimpleLogger.m in Sources */,
				F54F5AB319E83346002EFAEA /* DixieConstantChaosProvider.m in Sources */,
				F54F5AAB19E83346002EFAEA /* DixieBlockChaosProvider.m in Sources */,
				F54F5AB119E83346002EFAEA /* DixieCompositeCondition.m in Sources */,
				F5529FA91AFD3E12002D2004 /* TestClass.m in Sources */,
				F53EBAC21A1007AF004FAC40 /* RunTimeHelperTests.m in Sources */,
				F54F5AB919E83346002EFAEA /* DixieNonChaosProvider.m in Sources */,
				F54F5AC319E83346002EFAEA /* DixieLogger.m in Sources */,
				F54F5AD119E83346002EFAEA /* DixieMethodInfo.m in Sources */,
				F54F5ABD19E83346002EFAEA /* DixieSequentialChaosProvider.m in Sources */,
				F54F5AA919E83346002EFAEA /* DixieBaseChaosProvider.m in Sources */,
				F54F5B1719E835B7002EFAEA /* ProfileEntryTests.m in Sources */,
				F54F5AE719E83346002EFAEA /* DixieDefaultPuppetMaker.m in Sources */,
				F5529FAA1AFD3E12002D2004 /* SubTestClass.m in Sources */,
				F54F5B1419E835B7002EFAEA /* DixieChaosProviderTests.m in Sources */,
				F5529FA41AFD3C96002D2004 /* DixieBaseParamProvider.m in Sources */,
				F5529FC61AFD4A82002D2004 /* DixieCallEnvironment.m in Sources */,
				F54F5B1119E835B7002EFAEA /* TestPuppetMaker.m in Sources */,
				F54F5AB719E83346002EFAEA /* DixieNilChaosProvider.m in Sources */,
			);
			runOnlyForDeploymentPostprocessing = 0;
		};
/* End PBXSourcesBuildPhase section */

/* Begin XCBuildConfiguration section */
		F5965A5319C0796C00ED0A6A /* Debug */ = {
			isa = XCBuildConfiguration;
			buildSettings = {
				ALWAYS_SEARCH_USER_PATHS = NO;
				CLANG_CXX_LANGUAGE_STANDARD = "gnu++0x";
				CLANG_CXX_LIBRARY = "libc++";
				CLANG_ENABLE_MODULES = YES;
				CLANG_ENABLE_OBJC_ARC = YES;
				CLANG_WARN_BOOL_CONVERSION = YES;
				CLANG_WARN_CONSTANT_CONVERSION = YES;
				CLANG_WARN_DIRECT_OBJC_ISA_USAGE = YES_ERROR;
				CLANG_WARN_EMPTY_BODY = YES;
				CLANG_WARN_ENUM_CONVERSION = YES;
				CLANG_WARN_INT_CONVERSION = YES;
				CLANG_WARN_OBJC_ROOT_CLASS = YES_ERROR;
				CLANG_WARN_UNREACHABLE_CODE = YES;
				CLANG_WARN__DUPLICATE_METHOD_MATCH = YES;
				COPY_PHASE_STRIP = NO;
				ENABLE_STRICT_OBJC_MSGSEND = YES;
				GCC_C_LANGUAGE_STANDARD = gnu99;
				GCC_DYNAMIC_NO_PIC = NO;
				GCC_OPTIMIZATION_LEVEL = 0;
				GCC_PREPROCESSOR_DEFINITIONS = (
					"DEBUG=1",
					"$(inherited)",
				);
				GCC_SYMBOLS_PRIVATE_EXTERN = NO;
				GCC_WARN_64_TO_32_BIT_CONVERSION = YES;
				GCC_WARN_ABOUT_RETURN_TYPE = YES_ERROR;
				GCC_WARN_UNDECLARED_SELECTOR = YES;
				GCC_WARN_UNINITIALIZED_AUTOS = YES_AGGRESSIVE;
				GCC_WARN_UNUSED_FUNCTION = YES;
				GCC_WARN_UNUSED_VARIABLE = YES;
				IPHONEOS_DEPLOYMENT_TARGET = 8.0;
				MTL_ENABLE_DEBUG_INFO = YES;
				ONLY_ACTIVE_ARCH = YES;
				SDKROOT = iphoneos;
			};
			name = Debug;
		};
		F5965A5419C0796C00ED0A6A /* Release */ = {
			isa = XCBuildConfiguration;
			buildSettings = {
				ALWAYS_SEARCH_USER_PATHS = NO;
				CLANG_CXX_LANGUAGE_STANDARD = "gnu++0x";
				CLANG_CXX_LIBRARY = "libc++";
				CLANG_ENABLE_MODULES = YES;
				CLANG_ENABLE_OBJC_ARC = YES;
				CLANG_WARN_BOOL_CONVERSION = YES;
				CLANG_WARN_CONSTANT_CONVERSION = YES;
				CLANG_WARN_DIRECT_OBJC_ISA_USAGE = YES_ERROR;
				CLANG_WARN_EMPTY_BODY = YES;
				CLANG_WARN_ENUM_CONVERSION = YES;
				CLANG_WARN_INT_CONVERSION = YES;
				CLANG_WARN_OBJC_ROOT_CLASS = YES_ERROR;
				CLANG_WARN_UNREACHABLE_CODE = YES;
				CLANG_WARN__DUPLICATE_METHOD_MATCH = YES;
				COPY_PHASE_STRIP = YES;
				ENABLE_NS_ASSERTIONS = NO;
				ENABLE_STRICT_OBJC_MSGSEND = YES;
				GCC_C_LANGUAGE_STANDARD = gnu99;
				GCC_WARN_64_TO_32_BIT_CONVERSION = YES;
				GCC_WARN_ABOUT_RETURN_TYPE = YES_ERROR;
				GCC_WARN_UNDECLARED_SELECTOR = YES;
				GCC_WARN_UNINITIALIZED_AUTOS = YES_AGGRESSIVE;
				GCC_WARN_UNUSED_FUNCTION = YES;
				GCC_WARN_UNUSED_VARIABLE = YES;
				IPHONEOS_DEPLOYMENT_TARGET = 8.0;
				MTL_ENABLE_DEBUG_INFO = NO;
				SDKROOT = iphoneos;
				VALIDATE_PRODUCT = YES;
			};
			name = Release;
		};
		F5965A5619C0796C00ED0A6A /* Debug */ = {
			isa = XCBuildConfiguration;
			buildSettings = {
				OTHER_LDFLAGS = "-ObjC";
				PRODUCT_NAME = "$(TARGET_NAME)";
				SKIP_INSTALL = YES;
			};
			name = Debug;
		};
		F5965A5719C0796C00ED0A6A /* Release */ = {
			isa = XCBuildConfiguration;
			buildSettings = {
				OTHER_LDFLAGS = "-ObjC";
				PRODUCT_NAME = "$(TARGET_NAME)";
				SKIP_INSTALL = YES;
			};
			name = Release;
		};
		F5965A5919C0796C00ED0A6A /* Debug */ = {
			isa = XCBuildConfiguration;
			buildSettings = {
				FRAMEWORK_SEARCH_PATHS = (
					"$(SDKROOT)/Developer/Library/Frameworks",
					"$(inherited)",
				);
				GCC_PREPROCESSOR_DEFINITIONS = (
					"DEBUG=1",
					"$(inherited)",
				);
				INFOPLIST_FILE = DixieTests/Info.plist;
				LD_RUNPATH_SEARCH_PATHS = "$(inherited) @executable_path/Frameworks @loader_path/Frameworks";
				PRODUCT_NAME = "$(TARGET_NAME)";
			};
			name = Debug;
		};
		F5965A5A19C0796C00ED0A6A /* Release */ = {
			isa = XCBuildConfiguration;
			buildSettings = {
				FRAMEWORK_SEARCH_PATHS = (
					"$(SDKROOT)/Developer/Library/Frameworks",
					"$(inherited)",
				);
				INFOPLIST_FILE = DixieTests/Info.plist;
				LD_RUNPATH_SEARCH_PATHS = "$(inherited) @executable_path/Frameworks @loader_path/Frameworks";
				PRODUCT_NAME = "$(TARGET_NAME)";
			};
			name = Release;
		};
/* End XCBuildConfiguration section */

/* Begin XCConfigurationList section */
		F5965A3F19C0796C00ED0A6A /* Build configuration list for PBXProject "Dixie" */ = {
			isa = XCConfigurationList;
			buildConfigurations = (
				F5965A5319C0796C00ED0A6A /* Debug */,
				F5965A5419C0796C00ED0A6A /* Release */,
			);
			defaultConfigurationIsVisible = 0;
			defaultConfigurationName = Release;
		};
		F5965A5519C0796C00ED0A6A /* Build configuration list for PBXNativeTarget "Dixie" */ = {
			isa = XCConfigurationList;
			buildConfigurations = (
				F5965A5619C0796C00ED0A6A /* Debug */,
				F5965A5719C0796C00ED0A6A /* Release */,
			);
			defaultConfigurationIsVisible = 0;
			defaultConfigurationName = Release;
		};
		F5965A5819C0796C00ED0A6A /* Build configuration list for PBXNativeTarget "DixieTests" */ = {
			isa = XCConfigurationList;
			buildConfigurations = (
				F5965A5919C0796C00ED0A6A /* Debug */,
				F5965A5A19C0796C00ED0A6A /* Release */,
			);
			defaultConfigurationIsVisible = 0;
			defaultConfigurationName = Release;
		};
/* End XCConfigurationList section */
	};
	rootObject = F5965A3C19C0796C00ED0A6A /* Project object */;
}
