// !$*UTF8*$!
{
	archiveVersion = 1;
	classes = {
	};
	objectVersion = 46;
	objects = {

/* Begin PBXBuildFile section */
		1712B4371B1DE2E300E94E51 /* Clock-32.png in Resources */ = {isa = PBXBuildFile; fileRef = 1712B4361B1DE2E300E94E51 /* Clock-32.png */; };
		1712B43A1B1DE35400E94E51 /* Map-32.png in Resources */ = {isa = PBXBuildFile; fileRef = 1712B4381B1DE35400E94E51 /* Map-32.png */; };
		1712B43B1B1DE35400E94E51 /* Cloud-32.png in Resources */ = {isa = PBXBuildFile; fileRef = 1712B4391B1DE35400E94E51 /* Cloud-32.png */; };
		1712B4401B1DED9300E94E51 /* Lspn_comet_halley.png in Resources */ = {isa = PBXBuildFile; fileRef = 1712B43F1B1DED9300E94E51 /* Lspn_comet_halley.png */; };
		172956671B0A298A000DC70E /* MapKit.framework in Frameworks */ = {isa = PBXBuildFile; fileRef = 172956661B0A298A000DC70E /* MapKit.framework */; };
		1738B0C01B0BE1E2009C4039 /* AppDelegate.m in Sources */ = {isa = PBXBuildFile; fileRef = 1738B0BF1B0BE1E2009C4039 /* AppDelegate.m */; };
		1738B0C31B0BE1EB009C4039 /* MapViewController.m in Sources */ = {isa = PBXBuildFile; fileRef = 1738B0C21B0BE1EB009C4039 /* MapViewController.m */; };
		1738B0C61B0BE1F4009C4039 /* CountDownViewController.m in Sources */ = {isa = PBXBuildFile; fileRef = 1738B0C51B0BE1F4009C4039 /* CountDownViewController.m */; };
		1738B0C81B0BE204009C4039 /* main.m in Sources */ = {isa = PBXBuildFile; fileRef = 1738B0C71B0BE204009C4039 /* main.m */; };
		1738B0C91B0BE21F009C4039 /* libDixie.a in Frameworks */ = {isa = PBXBuildFile; fileRef = 17722FE51B0BE0B300E5E21F /* libDixie.a */; };
		1738B0D31B0BE23A009C4039 /* dixie_logo.png in Resources */ = {isa = PBXBuildFile; fileRef = 1738B0CB1B0BE23A009C4039 /* dixie_logo.png */; };
		1738B0DD1B0BE255009C4039 /* Images.xcassets in Resources */ = {isa = PBXBuildFile; fileRef = 1738B0DC1B0BE255009C4039 /* Images.xcassets */; };
		1738B0E21B0BE264009C4039 /* LaunchScreen.xib in Resources */ = {isa = PBXBuildFile; fileRef = 1738B0DE1B0BE264009C4039 /* LaunchScreen.xib */; };
		1738B0E31B0BE264009C4039 /* Main.storyboard in Resources */ = {isa = PBXBuildFile; fileRef = 1738B0E01B0BE264009C4039 /* Main.storyboard */; };
		1738B0F11B0BE48F009C4039 /* WeatherViewController.m in Sources */ = {isa = PBXBuildFile; fileRef = 1738B0F01B0BE48F009C4039 /* WeatherViewController.m */; };
		17BD56541B0C5D1200485E99 /* WeatherModel.m in Sources */ = {isa = PBXBuildFile; fileRef = 17BD56531B0C5D1200485E99 /* WeatherModel.m */; };
		17C45D2B1B0A435100F4C10C /* CoreLocation.framework in Frameworks */ = {isa = PBXBuildFile; fileRef = 17C45D2A1B0A435100F4C10C /* CoreLocation.framework */; };
		45CD4B91B2C24760625E845D /* libPods-DixieExampleApp.a in Frameworks */ = {isa = PBXBuildFile; fileRef = 820543A0E7A5A8D9FBB1E397 /* libPods-DixieExampleApp.a */; };
/* End PBXBuildFile section */

/* Begin PBXContainerItemProxy section */
		17722FE41B0BE0B300E5E21F /* PBXContainerItemProxy */ = {
			isa = PBXContainerItemProxy;
			containerPortal = 17722FDF1B0BE0B200E5E21F /* Dixie.xcodeproj */;
			proxyType = 2;
			remoteGlobalIDString = F5965A4419C0796C00ED0A6A;
			remoteInfo = Dixie;
		};
		17722FE61B0BE0B300E5E21F /* PBXContainerItemProxy */ = {
			isa = PBXContainerItemProxy;
			containerPortal = 17722FDF1B0BE0B200E5E21F /* Dixie.xcodeproj */;
			proxyType = 2;
			remoteGlobalIDString = F5965A4F19C0796C00ED0A6A;
			remoteInfo = DixieTests;
		};
/* End PBXContainerItemProxy section */

/* Begin PBXFileReference section */
		1712B4361B1DE2E300E94E51 /* Clock-32.png */ = {isa = PBXFileReference; lastKnownFileType = image.png; path = "Clock-32.png"; sourceTree = "<group>"; };
		1712B4381B1DE35400E94E51 /* Map-32.png */ = {isa = PBXFileReference; lastKnownFileType = image.png; path = "Map-32.png"; sourceTree = "<group>"; };
		1712B4391B1DE35400E94E51 /* Cloud-32.png */ = {isa = PBXFileReference; lastKnownFileType = image.png; path = "Cloud-32.png"; sourceTree = "<group>"; };
		1712B43F1B1DED9300E94E51 /* Lspn_comet_halley.png */ = {isa = PBXFileReference; lastKnownFileType = image.png; path = Lspn_comet_halley.png; sourceTree = "<group>"; };
		172956661B0A298A000DC70E /* MapKit.framework */ = {isa = PBXFileReference; lastKnownFileType = wrapper.framework; name = MapKit.framework; path = System/Library/Frameworks/MapKit.framework; sourceTree = SDKROOT; };
		1738B0BF1B0BE1E2009C4039 /* AppDelegate.m */ = {isa = PBXFileReference; fileEncoding = 4; lastKnownFileType = sourcecode.c.objc; name = AppDelegate.m; path = DixieExampleApp/AppDelegate.m; sourceTree = SOURCE_ROOT; };
		1738B0C11B0BE1EB009C4039 /* MapViewController.h */ = {isa = PBXFileReference; fileEncoding = 4; lastKnownFileType = sourcecode.c.h; name = MapViewController.h; path = DixieExampleApp/MapViewController.h; sourceTree = SOURCE_ROOT; };
		1738B0C21B0BE1EB009C4039 /* MapViewController.m */ = {isa = PBXFileReference; fileEncoding = 4; lastKnownFileType = sourcecode.c.objc; name = MapViewController.m; path = DixieExampleApp/MapViewController.m; sourceTree = SOURCE_ROOT; };
		1738B0C41B0BE1F4009C4039 /* CountDownViewController.h */ = {isa = PBXFileReference; fileEncoding = 4; lastKnownFileType = sourcecode.c.h; name = CountDownViewController.h; path = DixieExampleApp/CountDownViewController.h; sourceTree = SOURCE_ROOT; };
		1738B0C51B0BE1F4009C4039 /* CountDownViewController.m */ = {isa = PBXFileReference; fileEncoding = 4; lastKnownFileType = sourcecode.c.objc; name = CountDownViewController.m; path = DixieExampleApp/CountDownViewController.m; sourceTree = SOURCE_ROOT; };
		1738B0C71B0BE204009C4039 /* main.m */ = {isa = PBXFileReference; fileEncoding = 4; lastKnownFileType = sourcecode.c.objc; name = main.m; path = DixieExampleApp/main.m; sourceTree = SOURCE_ROOT; };
		1738B0CB1B0BE23A009C4039 /* dixie_logo.png */ = {isa = PBXFileReference; lastKnownFileType = image.png; name = dixie_logo.png; path = DixieExampleApp/dixie_logo.png; sourceTree = SOURCE_ROOT; };
		1738B0DC1B0BE255009C4039 /* Images.xcassets */ = {isa = PBXFileReference; lastKnownFileType = folder.assetcatalog; name = Images.xcassets; path = DixieExampleApp/Images.xcassets; sourceTree = SOURCE_ROOT; };
		1738B0DF1B0BE264009C4039 /* Base */ = {isa = PBXFileReference; lastKnownFileType = file.xib; name = Base; path = DixieExampleApp/Base.lproj/LaunchScreen.xib; sourceTree = SOURCE_ROOT; };
		1738B0E11B0BE264009C4039 /* Base */ = {isa = PBXFileReference; lastKnownFileType = file.storyboard; name = Base; path = DixieExampleApp/Base.lproj/Main.storyboard; sourceTree = SOURCE_ROOT; };
		1738B0EF1B0BE48F009C4039 /* WeatherViewController.h */ = {isa = PBXFileReference; fileEncoding = 4; lastKnownFileType = sourcecode.c.h; path = WeatherViewController.h; sourceTree = "<group>"; };
		1738B0F01B0BE48F009C4039 /* WeatherViewController.m */ = {isa = PBXFileReference; fileEncoding = 4; lastKnownFileType = sourcecode.c.objc; path = WeatherViewController.m; sourceTree = "<group>"; };
		17722FDF1B0BE0B200E5E21F /* Dixie.xcodeproj */ = {isa = PBXFileReference; lastKnownFileType = "wrapper.pb-project"; name = Dixie.xcodeproj; path = ../Dixie/Dixie.xcodeproj; sourceTree = "<group>"; };
		17BD56521B0C5D1200485E99 /* WeatherModel.h */ = {isa = PBXFileReference; fileEncoding = 4; lastKnownFileType = sourcecode.c.h; path = WeatherModel.h; sourceTree = "<group>"; };
		17BD56531B0C5D1200485E99 /* WeatherModel.m */ = {isa = PBXFileReference; fileEncoding = 4; lastKnownFileType = sourcecode.c.objc; path = WeatherModel.m; sourceTree = "<group>"; };
		17BE29BF1B06856D00144FEF /* DixieExampleApp.app */ = {isa = PBXFileReference; explicitFileType = wrapper.application; includeInIndex = 0; path = DixieExampleApp.app; sourceTree = BUILT_PRODUCTS_DIR; };
		17BE29C31B06856D00144FEF /* Info.plist */ = {isa = PBXFileReference; lastKnownFileType = text.plist.xml; path = Info.plist; sourceTree = "<group>"; };
		17C45D2A1B0A435100F4C10C /* CoreLocation.framework */ = {isa = PBXFileReference; lastKnownFileType = wrapper.framework; name = CoreLocation.framework; path = System/Library/Frameworks/CoreLocation.framework; sourceTree = SDKROOT; };
		820543A0E7A5A8D9FBB1E397 /* libPods-DixieExampleApp.a */ = {isa = PBXFileReference; explicitFileType = archive.ar; includeInIndex = 0; path = "libPods-DixieExampleApp.a"; sourceTree = BUILT_PRODUCTS_DIR; };
		91D1541A6DBFF2E95E468D61 /* libPods-WhenIsWWDC.a */ = {isa = PBXFileReference; explicitFileType = archive.ar; includeInIndex = 0; path = "libPods-WhenIsWWDC.a"; sourceTree = BUILT_PRODUCTS_DIR; };
		A5A6E20515E680E57C22A7FD /* Pods-DixieExampleApp.debug.xcconfig */ = {isa = PBXFileReference; includeInIndex = 1; lastKnownFileType = text.xcconfig; name = "Pods-DixieExampleApp.debug.xcconfig"; path = "Pods/Target Support Files/Pods-DixieExampleApp/Pods-DixieExampleApp.debug.xcconfig"; sourceTree = "<group>"; };
		E15280D1C0793F813C6D0626 /* Pods-DixieExampleApp.release.xcconfig */ = {isa = PBXFileReference; includeInIndex = 1; lastKnownFileType = text.xcconfig; name = "Pods-DixieExampleApp.release.xcconfig"; path = "Pods/Target Support Files/Pods-DixieExampleApp/Pods-DixieExampleApp.release.xcconfig"; sourceTree = "<group>"; };
/* End PBXFileReference section */

/* Begin PBXFrameworksBuildPhase section */
		17BE29BC1B06856D00144FEF /* Frameworks */ = {
			isa = PBXFrameworksBuildPhase;
			buildActionMask = 2147483647;
			files = (
				1738B0C91B0BE21F009C4039 /* libDixie.a in Frameworks */,
				17C45D2B1B0A435100F4C10C /* CoreLocation.framework in Frameworks */,
				172956671B0A298A000DC70E /* MapKit.framework in Frameworks */,
				45CD4B91B2C24760625E845D /* libPods-DixieExampleApp.a in Frameworks */,
			);
			runOnlyForDeploymentPostprocessing = 0;
		};
/* End PBXFrameworksBuildPhase section */

/* Begin PBXGroup section */
		17722FE01B0BE0B200E5E21F /* Products */ = {
			isa = PBXGroup;
			children = (
				17722FE51B0BE0B300E5E21F /* libDixie.a */,
				17722FE71B0BE0B300E5E21F /* DixieTests.xctest */,
			);
			name = Products;
			sourceTree = "<group>";
		};
		17BE29B61B06856D00144FEF = {
			isa = PBXGroup;
			children = (
				17722FDF1B0BE0B200E5E21F /* Dixie.xcodeproj */,
				17BE29C11B06856D00144FEF /* DixieExampleApp */,
				17BE29C01B06856D00144FEF /* Products */,
				5010AFE29675F46E7B8D0389 /* Frameworks */,
				B5A70F9F333BA3C099A528AF /* Pods */,
			);
			sourceTree = "<group>";
		};
		17BE29C01B06856D00144FEF /* Products */ = {
			isa = PBXGroup;
			children = (
				17BE29BF1B06856D00144FEF /* DixieExampleApp.app */,
			);
			name = Products;
			sourceTree = "<group>";
		};
		17BE29C11B06856D00144FEF /* DixieExampleApp */ = {
			isa = PBXGroup;
			children = (
				17BE29E81B0685F100144FEF /* Images */,
				1738B0BF1B0BE1E2009C4039 /* AppDelegate.m */,
				1738B0C11B0BE1EB009C4039 /* MapViewController.h */,
				1738B0C21B0BE1EB009C4039 /* MapViewController.m */,
				1738B0C41B0BE1F4009C4039 /* CountDownViewController.h */,
				1738B0C51B0BE1F4009C4039 /* CountDownViewController.m */,
				1738B0EF1B0BE48F009C4039 /* WeatherViewController.h */,
				1738B0F01B0BE48F009C4039 /* WeatherViewController.m */,
				17BD56521B0C5D1200485E99 /* WeatherModel.h */,
				17BD56531B0C5D1200485E99 /* WeatherModel.m */,
				1738B0DC1B0BE255009C4039 /* Images.xcassets */,
				1738B0DE1B0BE264009C4039 /* LaunchScreen.xib */,
				1738B0E01B0BE264009C4039 /* Main.storyboard */,
				17BE29C21B06856D00144FEF /* Supporting Files */,
			);
			path = DixieExampleApp;
			sourceTree = "<group>";
		};
		17BE29C21B06856D00144FEF /* Supporting Files */ = {
			isa = PBXGroup;
			children = (
				17BE29C31B06856D00144FEF /* Info.plist */,
				1738B0C71B0BE204009C4039 /* main.m */,
			);
			name = "Supporting Files";
			sourceTree = "<group>";
		};
		17BE29E81B0685F100144FEF /* Images */ = {
			isa = PBXGroup;
			children = (
				1712B4381B1DE35400E94E51 /* Map-32.png */,
				1712B4391B1DE35400E94E51 /* Cloud-32.png */,
				1712B4361B1DE2E300E94E51 /* Clock-32.png */,
				1738B0CB1B0BE23A009C4039 /* dixie_logo.png */,
				1712B43F1B1DED9300E94E51 /* Lspn_comet_halley.png */,
			);
			name = Images;
			sourceTree = "<group>";
		};
		5010AFE29675F46E7B8D0389 /* Frameworks */ = {
			isa = PBXGroup;
			children = (
				17C45D2A1B0A435100F4C10C /* CoreLocation.framework */,
				172956661B0A298A000DC70E /* MapKit.framework */,
				91D1541A6DBFF2E95E468D61 /* libPods-WhenIsWWDC.a */,
				820543A0E7A5A8D9FBB1E397 /* libPods-DixieExampleApp.a */,
			);
			name = Frameworks;
			sourceTree = "<group>";
		};
		B5A70F9F333BA3C099A528AF /* Pods */ = {
			isa = PBXGroup;
			children = (
				A5A6E20515E680E57C22A7FD /* Pods-DixieExampleApp.debug.xcconfig */,
				E15280D1C0793F813C6D0626 /* Pods-DixieExampleApp.release.xcconfig */,
			);
			name = Pods;
			sourceTree = "<group>";
		};
/* End PBXGroup section */

/* Begin PBXNativeTarget section */
		17BE29BE1B06856D00144FEF /* DixieExampleApp */ = {
			isa = PBXNativeTarget;
			buildConfigurationList = 17BE29E21B06856D00144FEF /* Build configuration list for PBXNativeTarget "DixieExampleApp" */;
			buildPhases = (
				64DA7913B5D2132ABBBAA9F1 /* Check Pods Manifest.lock */,
				17BE29BB1B06856D00144FEF /* Sources */,
				17BE29BC1B06856D00144FEF /* Frameworks */,
				17BE29BD1B06856D00144FEF /* Resources */,
				DA0BE881D48D1E01B5A556B8 /* Copy Pods Resources */,
			);
			buildRules = (
			);
			dependencies = (
			);
			name = DixieExampleApp;
			productName = DixieExampleApp;
			productReference = 17BE29BF1B06856D00144FEF /* DixieExampleApp.app */;
			productType = "com.apple.product-type.application";
		};
/* End PBXNativeTarget section */

/* Begin PBXProject section */
		17BE29B71B06856D00144FEF /* Project object */ = {
			isa = PBXProject;
			attributes = {
				LastUpgradeCheck = 0630;
				ORGANIZATIONNAME = Skyscanner;
				TargetAttributes = {
					17BE29BE1B06856D00144FEF = {
						CreatedOnToolsVersion = 6.3.1;
					};
				};
			};
			buildConfigurationList = 17BE29BA1B06856D00144FEF /* Build configuration list for PBXProject "DixieExampleApp" */;
			compatibilityVersion = "Xcode 3.2";
			developmentRegion = English;
			hasScannedForEncodings = 0;
			knownRegions = (
				en,
				Base,
			);
			mainGroup = 17BE29B61B06856D00144FEF;
			productRefGroup = 17BE29C01B06856D00144FEF /* Products */;
			projectDirPath = "";
			projectReferences = (
				{
					ProductGroup = 17722FE01B0BE0B200E5E21F /* Products */;
					ProjectRef = 17722FDF1B0BE0B200E5E21F /* Dixie.xcodeproj */;
				},
			);
			projectRoot = "";
			targets = (
				17BE29BE1B06856D00144FEF /* DixieExampleApp */,
			);
		};
/* End PBXProject section */

/* Begin PBXReferenceProxy section */
		17722FE51B0BE0B300E5E21F /* libDixie.a */ = {
			isa = PBXReferenceProxy;
			fileType = archive.ar;
			path = libDixie.a;
			remoteRef = 17722FE41B0BE0B300E5E21F /* PBXContainerItemProxy */;
			sourceTree = BUILT_PRODUCTS_DIR;
		};
		17722FE71B0BE0B300E5E21F /* DixieTests.xctest */ = {
			isa = PBXReferenceProxy;
			fileType = wrapper.cfbundle;
			path = DixieTests.xctest;
			remoteRef = 17722FE61B0BE0B300E5E21F /* PBXContainerItemProxy */;
			sourceTree = BUILT_PRODUCTS_DIR;
		};
/* End PBXReferenceProxy section */

/* Begin PBXResourcesBuildPhase section */
		17BE29BD1B06856D00144FEF /* Resources */ = {
			isa = PBXResourcesBuildPhase;
			buildActionMask = 2147483647;
			files = (
				1738B0D31B0BE23A009C4039 /* dixie_logo.png in Resources */,
				1738B0E31B0BE264009C4039 /* Main.storyboard in Resources */,
				1738B0DD1B0BE255009C4039 /* Images.xcassets in Resources */,
				1712B4401B1DED9300E94E51 /* Lspn_comet_halley.png in Resources */,
				1738B0E21B0BE264009C4039 /* LaunchScreen.xib in Resources */,
				1712B4371B1DE2E300E94E51 /* Clock-32.png in Resources */,
				1712B43B1B1DE35400E94E51 /* Cloud-32.png in Resources */,
				1712B43A1B1DE35400E94E51 /* Map-32.png in Resources */,
			);
			runOnlyForDeploymentPostprocessing = 0;
		};
/* End PBXResourcesBuildPhase section */

/* Begin PBXShellScriptBuildPhase section */
		64DA7913B5D2132ABBBAA9F1 /* Check Pods Manifest.lock */ = {
			isa = PBXShellScriptBuildPhase;
			buildActionMask = 2147483647;
			files = (
			);
			inputPaths = (
			);
			name = "Check Pods Manifest.lock";
			outputPaths = (
			);
			runOnlyForDeploymentPostprocessing = 0;
			shellPath = /bin/sh;
			shellScript = "diff \"${PODS_ROOT}/../Podfile.lock\" \"${PODS_ROOT}/Manifest.lock\" > /dev/null\nif [[ $? != 0 ]] ; then\n    cat << EOM\nerror: The sandbox is not in sync with the Podfile.lock. Run 'pod install' or update your CocoaPods installation.\nEOM\n    exit 1\nfi\n";
			showEnvVarsInLog = 0;
		};
		DA0BE881D48D1E01B5A556B8 /* Copy Pods Resources */ = {
			isa = PBXShellScriptBuildPhase;
			buildActionMask = 2147483647;
			files = (
			);
			inputPaths = (
			);
			name = "Copy Pods Resources";
			outputPaths = (
			);
			runOnlyForDeploymentPostprocessing = 0;
			shellPath = /bin/sh;
			shellScript = "\"${SRCROOT}/Pods/Target Support Files/Pods-DixieExampleApp/Pods-DixieExampleApp-resources.sh\"\n";
			showEnvVarsInLog = 0;
		};
/* End PBXShellScriptBuildPhase section */

/* Begin PBXSourcesBuildPhase section */
		17BE29BB1B06856D00144FEF /* Sources */ = {
			isa = PBXSourcesBuildPhase;
			buildActionMask = 2147483647;
			files = (
				17BD56541B0C5D1200485E99 /* WeatherModel.m in Sources */,
				1738B0C61B0BE1F4009C4039 /* CountDownViewController.m in Sources */,
				1738B0C01B0BE1E2009C4039 /* AppDelegate.m in Sources */,
				1738B0C81B0BE204009C4039 /* main.m in Sources */,
				1738B0F11B0BE48F009C4039 /* WeatherViewController.m in Sources */,
				1738B0C31B0BE1EB009C4039 /* MapViewController.m in Sources */,
			);
			runOnlyForDeploymentPostprocessing = 0;
		};
/* End PBXSourcesBuildPhase section */

/* Begin PBXVariantGroup section */
		1738B0DE1B0BE264009C4039 /* LaunchScreen.xib */ = {
			isa = PBXVariantGroup;
			children = (
				1738B0DF1B0BE264009C4039 /* Base */,
			);
			name = LaunchScreen.xib;
			sourceTree = "<group>";
		};
		1738B0E01B0BE264009C4039 /* Main.storyboard */ = {
			isa = PBXVariantGroup;
			children = (
				1738B0E11B0BE264009C4039 /* Base */,
			);
			name = Main.storyboard;
			sourceTree = "<group>";
		};
/* End PBXVariantGroup section */

/* Begin XCBuildConfiguration section */
		17BE29E01B06856D00144FEF /* Debug */ = {
			isa = XCBuildConfiguration;
			buildSettings = {
				ALWAYS_SEARCH_USER_PATHS = NO;
				CLANG_CXX_LANGUAGE_STANDARD = "gnu++0x";
				CLANG_CXX_LIBRARY = "libc++";
				CLANG_ENABLE_MODULES = YES;
				CLANG_ENABLE_OBJC_ARC = YES;
				CLANG_WARN_BOOL_CONVERSION = YES;
				CLANG_WARN_CONSTANT_CONVERSION = YES;
				CLANG_WARN_DIRECT_OBJC_ISA_USAGE = YES_ERROR;
				CLANG_WARN_EMPTY_BODY = YES;
				CLANG_WARN_ENUM_CONVERSION = YES;
				CLANG_WARN_INT_CONVERSION = YES;
				CLANG_WARN_OBJC_ROOT_CLASS = YES_ERROR;
				CLANG_WARN_UNREACHABLE_CODE = YES;
				CLANG_WARN__DUPLICATE_METHOD_MATCH = YES;
				"CODE_SIGN_IDENTITY[sdk=iphoneos*]" = "iPhone Developer";
				COPY_PHASE_STRIP = NO;
				DEBUG_INFORMATION_FORMAT = "dwarf-with-dsym";
				ENABLE_STRICT_OBJC_MSGSEND = YES;
				GCC_C_LANGUAGE_STANDARD = gnu99;
				GCC_DYNAMIC_NO_PIC = NO;
				GCC_NO_COMMON_BLOCKS = YES;
				GCC_OPTIMIZATION_LEVEL = 0;
				GCC_PREPROCESSOR_DEFINITIONS = (
					"DEBUG=1",
					"$(inherited)",
				);
				GCC_SYMBOLS_PRIVATE_EXTERN = NO;
				GCC_WARN_64_TO_32_BIT_CONVERSION = YES;
				GCC_WARN_ABOUT_RETURN_TYPE = YES_ERROR;
				GCC_WARN_UNDECLARED_SELECTOR = YES;
				GCC_WARN_UNINITIALIZED_AUTOS = YES_AGGRESSIVE;
				GCC_WARN_UNUSED_FUNCTION = YES;
				GCC_WARN_UNUSED_VARIABLE = YES;
				IPHONEOS_DEPLOYMENT_TARGET = 8.3;
				MTL_ENABLE_DEBUG_INFO = YES;
				ONLY_ACTIVE_ARCH = YES;
				SDKROOT = iphoneos;
			};
			name = Debug;
		};
		17BE29E11B06856D00144FEF /* Release */ = {
			isa = XCBuildConfiguration;
			buildSettings = {
				ALWAYS_SEARCH_USER_PATHS = NO;
				CLANG_CXX_LANGUAGE_STANDARD = "gnu++0x";
				CLANG_CXX_LIBRARY = "libc++";
				CLANG_ENABLE_MODULES = YES;
				CLANG_ENABLE_OBJC_ARC = YES;
				CLANG_WARN_BOOL_CONVERSION = YES;
				CLANG_WARN_CONSTANT_CONVERSION = YES;
				CLANG_WARN_DIRECT_OBJC_ISA_USAGE = YES_ERROR;
				CLANG_WARN_EMPTY_BODY = YES;
				CLANG_WARN_ENUM_CONVERSION = YES;
				CLANG_WARN_INT_CONVERSION = YES;
				CLANG_WARN_OBJC_ROOT_CLASS = YES_ERROR;
				CLANG_WARN_UNREACHABLE_CODE = YES;
				CLANG_WARN__DUPLICATE_METHOD_MATCH = YES;
				"CODE_SIGN_IDENTITY[sdk=iphoneos*]" = "iPhone Developer";
				COPY_PHASE_STRIP = NO;
				DEBUG_INFORMATION_FORMAT = "dwarf-with-dsym";
				ENABLE_NS_ASSERTIONS = NO;
				ENABLE_STRICT_OBJC_MSGSEND = YES;
				GCC_C_LANGUAGE_STANDARD = gnu99;
				GCC_NO_COMMON_BLOCKS = YES;
				GCC_WARN_64_TO_32_BIT_CONVERSION = YES;
				GCC_WARN_ABOUT_RETURN_TYPE = YES_ERROR;
				GCC_WARN_UNDECLARED_SELECTOR = YES;
				GCC_WARN_UNINITIALIZED_AUTOS = YES_AGGRESSIVE;
				GCC_WARN_UNUSED_FUNCTION = YES;
				GCC_WARN_UNUSED_VARIABLE = YES;
				IPHONEOS_DEPLOYMENT_TARGET = 8.3;
				MTL_ENABLE_DEBUG_INFO = NO;
				SDKROOT = iphoneos;
				VALIDATE_PRODUCT = YES;
			};
			name = Release;
		};
		17BE29E31B06856D00144FEF /* Debug */ = {
			isa = XCBuildConfiguration;
			baseConfigurationReference = A5A6E20515E680E57C22A7FD /* Pods-DixieExampleApp.debug.xcconfig */;
			buildSettings = {
				ALWAYS_SEARCH_USER_PATHS = YES;
				ASSETCATALOG_COMPILER_APPICON_NAME = AppIcon;
				INFOPLIST_FILE = DixieExampleApp/Info.plist;
				LD_RUNPATH_SEARCH_PATHS = "$(inherited) @executable_path/Frameworks";
				OTHER_LDFLAGS = "$(inherited)";
				OTHER_LIBTOOLFLAGS = "$(inherited)";
				PRODUCT_NAME = "$(TARGET_NAME)";
				USER_HEADER_SEARCH_PATHS = "$(SRCROOT)/../Dixie/Dixie/**";
			};
			name = Debug;
		};
		17BE29E41B06856D00144FEF /* Release */ = {
			isa = XCBuildConfiguration;
			baseConfigurationReference = E15280D1C0793F813C6D0626 /* Pods-DixieExampleApp.release.xcconfig */;
			buildSettings = {
				ALWAYS_SEARCH_USER_PATHS = YES;
				ASSETCATALOG_COMPILER_APPICON_NAME = AppIcon;
				INFOPLIST_FILE = DixieExampleApp/Info.plist;
				LD_RUNPATH_SEARCH_PATHS = "$(inherited) @executable_path/Frameworks";
				OTHER_LDFLAGS = "$(inherited)";
				OTHER_LIBTOOLFLAGS = "$(inherited)";
				PRODUCT_NAME = "$(TARGET_NAME)";
				USER_HEADER_SEARCH_PATHS = "$(SRCROOT)/../Dixie/Dixie/**";
			};
			name = Release;
		};
/* End XCBuildConfiguration section */

/* Begin XCConfigurationList section */
		17BE29BA1B06856D00144FEF /* Build configuration list for PBXProject "DixieExampleApp" */ = {
			isa = XCConfigurationList;
			buildConfigurations = (
				17BE29E01B06856D00144FEF /* Debug */,
				17BE29E11B06856D00144FEF /* Release */,
			);
			defaultConfigurationIsVisible = 0;
			defaultConfigurationName = Release;
		};
		17BE29E21B06856D00144FEF /* Build configuration list for PBXNativeTarget "DixieExampleApp" */ = {
			isa = XCConfigurationList;
			buildConfigurations = (
				17BE29E31B06856D00144FEF /* Debug */,
				17BE29E41B06856D00144FEF /* Release */,
			);
			defaultConfigurationIsVisible = 0;
			defaultConfigurationName = Release;
		};
/* End XCConfigurationList section */
	};
	rootObject = 17BE29B71B06856D00144FEF /* Project object */;
}
